{
  "name": "课程表小程序",
  "lockfileVersion": 3,
  "requires": true,
  "packages": {
    "": {
      "dependencies": {
        "@vant/weapp": "^1.11.1",
        "mini-color-picker": "^0.1.2"
      },
      "devDependencies": {
        "miniprogram-api-typings": "^3.12.1"
      }
    },
    "node_modules/@vant/weapp": {
      "version": "1.11.1",
      "resolved": "https://registry.npmjs.org/@vant/weapp/-/weapp-1.11.1.tgz",
      "integrity": "sha512-2QddSq3MsozbTBAgEmW1rhzsEJNWPF2VS427M5pOOn0a7/f6lW+tymwdTcOQCzQONavhFwBv6Lebbs/UjE3Yig=="
    },
    "node_modules/mini-color-picker": {
      "version": "0.1.2",
      "resolved": "https://registry.npmjs.org/mini-color-picker/-/mini-color-picker-0.1.2.tgz",
      "integrity": "sha512-ln0KRwzj8Ted8quhcaHiTa+cj/lDrfryscoN+TwnmOf1E7st3Ud+kadgviMuniEZhL3TDwFY3qa1Km/iDSiMug=="
    },
    "node_modules/miniprogram-api-typings": {
      "version": "3.12.1",
      "resolved": "https://registry.npmjs.org/miniprogram-api-typings/-/miniprogram-api-typings-3.12.1.tgz",
      "integrity": "sha512-ewXOEqLGIgqQSy4wbaCHq47sfDsC/hQhO9QVzTQTCKNf9x691AwADHorfCTfVLXDVkOjbbLmJ086M3Dv7hKcXw==",
      "dev": true
    }
  }
}
